
Microsoft Visual Studio Solution File, Format Version 12.00
# Visual Studio Version 17
VisualStudioVersion = 17.8.34330.188
MinimumVisualStudioVersion = 10.0.40219.1
Project("{9A19103F-16F7-4668-BE54-9A1E7A4F7556}") = "Daedalus-Tabula", "Daedalus-Tabula\Daedalus-Tabula\Daedalus-Tabula.csproj", "{0C81046C-C4AD-4477-B7CE-2A7EF4AA8699}"
EndProject
Project("{9A19103F-16F7-4668-BE54-9A1E7A4F7556}") = "Daedalus-Tabula.Client", "Daedalus-Tabula\Daedalus-Tabula.Client\Daedalus-Tabula.Client.csproj", "{078D8DD8-D2D6-4C55-A9E2-E09CDCBC641C}"
EndProject
Project("{9A19103F-16F7-4668-BE54-9A1E7A4F7556}") = "Daedalus-Orbis", "Daedalus-Orbis\Daedalus-Orbis.csproj", "{7E8A77E0-23F9-4079-9516-56A3E03E61F9}"
EndProject
Global
	GlobalSection(SolutionConfigurationPlatforms) = preSolution
		Debug|Any CPU = Debug|Any CPU
		Release|Any CPU = Release|Any CPU
	EndGlobalSection
	GlobalSection(ProjectConfigurationPlatforms) = postSolution
		{0C81046C-C4AD-4477-B7CE-2A7EF4AA8699}.Debug|Any CPU.ActiveCfg = Debug|Any CPU
		{0C81046C-C4AD-4477-B7CE-2A7EF4AA8699}.Debug|Any CPU.Build.0 = Debug|Any CPU
		{0C81046C-C4AD-4477-B7CE-2A7EF4AA8699}.Release|Any CPU.ActiveCfg = Release|Any CPU
		{0C81046C-C4AD-4477-B7CE-2A7EF4AA8699}.Release|Any CPU.Build.0 = Release|Any CPU
		{078D8DD8-D2D6-4C55-A9E2-E09CDCBC641C}.Debug|Any CPU.ActiveCfg = Debug|Any CPU
		{078D8DD8-D2D6-4C55-A9E2-E09CDCBC641C}.Debug|Any CPU.Build.0 = Debug|Any CPU
		{078D8DD8-D2D6-4C55-A9E2-E09CDCBC641C}.Release|Any CPU.ActiveCfg = Release|Any CPU
		{078D8DD8-D2D6-4C55-A9E2-E09CDCBC641C}.Release|Any CPU.Build.0 = Release|Any CPU
		{7E8A77E0-23F9-4079-9516-56A3E03E61F9}.Debug|Any CPU.ActiveCfg = Debug|Any CPU
		{7E8A77E0-23F9-4079-9516-56A3E03E61F9}.Debug|Any CPU.Build.0 = Debug|Any CPU
		{7E8A77E0-23F9-4079-9516-56A3E03E61F9}.Release|Any CPU.ActiveCfg = Release|Any CPU
		{7E8A77E0-23F9-4079-9516-56A3E03E61F9}.Release|Any CPU.Build.0 = Release|Any CPU
	EndGlobalSection
	GlobalSection(SolutionProperties) = preSolution
		HideSolutionNode = FALSE
	EndGlobalSection
	GlobalSection(ExtensibilityGlobals) = postSolution
		SolutionGuid = {F9BB3B2D-C384-43E5-A1ED-9E8253198A9F}
	EndGlobalSection
EndGlobal
